
Microsoft Visual Studio Solution File, Format Version 12.00
# Visual Studio Version 17
VisualStudioVersion = 17.10.35013.160
MinimumVisualStudioVersion = 10.0.40219.1
Project("{FAE04EC0-301F-11D3-BF4B-00C04F79EFBC}") = "Red.Json", "Red.Json.csproj", "{3B8B97EE-807D-4782-B821-CBB4545488EC}"
EndProject
Global
	GlobalSection(SolutionConfigurationPlatforms) = preSolution
		Debug|Any CPU = Debug|Any CPU
		Release|Any CPU = Release|Any CPU
	EndGlobalSection
	GlobalSection(ProjectConfigurationPlatforms) = postSolution
		{3B8B97EE-807D-4782-B821-CBB4545488EC}.Debug|Any CPU.ActiveCfg = Debug|Any CPU
		{3B8B97EE-807D-4782-B821-CBB4545488EC}.Debug|Any CPU.Build.0 = Debug|Any CPU
		{3B8B97EE-807D-4782-B821-CBB4545488EC}.Release|Any CPU.ActiveCfg = Release|Any CPU
		{3B8B97EE-807D-4782-B821-CBB4545488EC}.Release|Any CPU.Build.0 = Release|Any CPU
	EndGlobalSection
	GlobalSection(SolutionProperties) = preSolution
		HideSolutionNode = FALSE
	EndGlobalSection
	GlobalSection(ExtensibilityGlobals) = postSolution
		SolutionGuid = {092CB5D3-67DA-4F18-929A-339175C49C41}
	EndGlobalSection
EndGlobal
